
Microsoft Visual Studio Solution File, Format Version 12.00
# Visual Studio Version 17
VisualStudioVersion = 17.5.002.0
MinimumVisualStudioVersion = 10.0.40219.1
Project("{2150E333-8FDC-42A3-9474-1A3956D46DE8}") = "Labfiles", "Labfiles", "{9A6F98E6-08EE-4480-85F9-CD90EE5E396F}"
EndProject
Project("{2150E333-8FDC-42A3-9474-1A3956D46DE8}") = "02-azure-openai-api", "02-azure-openai-api", "{F8215DA2-9D8D-4FAC-A2E1-B0493853629C}"
EndProject
Project("{9A19103F-16F7-4668-BE54-9A1E7A4F7556}") = "CSharp", "Labfiles\02-azure-openai-api\CSharp\CSharp.csproj", "{AB54343B-E88C-4415-A640-7369D65FE9DF}"
EndProject
Project("{2150E333-8FDC-42A3-9474-1A3956D46DE8}") = "03-prompt-engineering", "03-prompt-engineering", "{246C5558-AFFF-4692-B73F-2315502DD6F7}"
EndProject
Project("{9A19103F-16F7-4668-BE54-9A1E7A4F7556}") = "CSharp", "Labfiles\03-prompt-engineering\CSharp\CSharp.csproj", "{A202D2C1-E406-448D-A4FC-5B62818469F5}"
EndProject
Project("{2150E333-8FDC-42A3-9474-1A3956D46DE8}") = "04-code-generation", "04-code-generation", "{27AA0A54-CC9C-41C8-B215-B835062A6240}"
EndProject
Project("{9A19103F-16F7-4668-BE54-9A1E7A4F7556}") = "CSharp", "Labfiles\04-code-generation\CSharp\CSharp.csproj", "{4AD6D7DC-CE20-4E67-B2BA-0F159D4DCB45}"
EndProject
Project("{2150E333-8FDC-42A3-9474-1A3956D46DE8}") = "05-image-generation", "05-image-generation", "{2422BF58-296F-4D34-9852-34FB1B3B9DD6}"
EndProject
Project("{9A19103F-16F7-4668-BE54-9A1E7A4F7556}") = "generate_image", "Labfiles\05-image-generation\CSharp\generate_image.csproj", "{3C2AFED2-AC49-4469-9D0A-33129C48944E}"
EndProject
Project("{2150E333-8FDC-42A3-9474-1A3956D46DE8}") = "06-use-own-data", "06-use-own-data", "{B97F3617-C4C9-49C3-9DB7-36F527C2C44C}"
EndProject
Project("{9A19103F-16F7-4668-BE54-9A1E7A4F7556}") = "CSharp", "Labfiles\06-use-own-data\CSharp\CSharp.csproj", "{595D7B10-E362-4B99-971B-6D813B80EADE}"
EndProject
Project("{2150E333-8FDC-42A3-9474-1A3956D46DE8}") = "sample-code", "sample-code", "{CDCD16A1-6EB2-4978-8CC8-6A10799506B8}"
EndProject
Project("{9A19103F-16F7-4668-BE54-9A1E7A4F7556}") = "CSharp", "Labfiles\04-code-generation\sample-code\go-fish\CSharp.csproj", "{641ACA68-2EBE-48A9-938E-ACAE13D83C41}"
EndProject
Global
	GlobalSection(SolutionConfigurationPlatforms) = preSolution
		Debug|Any CPU = Debug|Any CPU
		Release|Any CPU = Release|Any CPU
	EndGlobalSection
	GlobalSection(ProjectConfigurationPlatforms) = postSolution
		{AB54343B-E88C-4415-A640-7369D65FE9DF}.Debug|Any CPU.ActiveCfg = Debug|Any CPU
		{AB54343B-E88C-4415-A640-7369D65FE9DF}.Debug|Any CPU.Build.0 = Debug|Any CPU
		{AB54343B-E88C-4415-A640-7369D65FE9DF}.Release|Any CPU.ActiveCfg = Release|Any CPU
		{AB54343B-E88C-4415-A640-7369D65FE9DF}.Release|Any CPU.Build.0 = Release|Any CPU
		{A202D2C1-E406-448D-A4FC-5B62818469F5}.Debug|Any CPU.ActiveCfg = Debug|Any CPU
		{A202D2C1-E406-448D-A4FC-5B62818469F5}.Debug|Any CPU.Build.0 = Debug|Any CPU
		{A202D2C1-E406-448D-A4FC-5B62818469F5}.Release|Any CPU.ActiveCfg = Release|Any CPU
		{A202D2C1-E406-448D-A4FC-5B62818469F5}.Release|Any CPU.Build.0 = Release|Any CPU
		{4AD6D7DC-CE20-4E67-B2BA-0F159D4DCB45}.Debug|Any CPU.ActiveCfg = Debug|Any CPU
		{4AD6D7DC-CE20-4E67-B2BA-0F159D4DCB45}.Debug|Any CPU.Build.0 = Debug|Any CPU
		{4AD6D7DC-CE20-4E67-B2BA-0F159D4DCB45}.Release|Any CPU.ActiveCfg = Release|Any CPU
		{4AD6D7DC-CE20-4E67-B2BA-0F159D4DCB45}.Release|Any CPU.Build.0 = Release|Any CPU
		{3C2AFED2-AC49-4469-9D0A-33129C48944E}.Debug|Any CPU.ActiveCfg = Debug|Any CPU
		{3C2AFED2-AC49-4469-9D0A-33129C48944E}.Debug|Any CPU.Build.0 = Debug|Any CPU
		{3C2AFED2-AC49-4469-9D0A-33129C48944E}.Release|Any CPU.ActiveCfg = Release|Any CPU
		{3C2AFED2-AC49-4469-9D0A-33129C48944E}.Release|Any CPU.Build.0 = Release|Any CPU
		{595D7B10-E362-4B99-971B-6D813B80EADE}.Debug|Any CPU.ActiveCfg = Debug|Any CPU
		{595D7B10-E362-4B99-971B-6D813B80EADE}.Debug|Any CPU.Build.0 = Debug|Any CPU
		{595D7B10-E362-4B99-971B-6D813B80EADE}.Release|Any CPU.ActiveCfg = Release|Any CPU
		{595D7B10-E362-4B99-971B-6D813B80EADE}.Release|Any CPU.Build.0 = Release|Any CPU
		{641ACA68-2EBE-48A9-938E-ACAE13D83C41}.Debug|Any CPU.ActiveCfg = Debug|Any CPU
		{641ACA68-2EBE-48A9-938E-ACAE13D83C41}.Debug|Any CPU.Build.0 = Debug|Any CPU
		{641ACA68-2EBE-48A9-938E-ACAE13D83C41}.Release|Any CPU.ActiveCfg = Release|Any CPU
		{641ACA68-2EBE-48A9-938E-ACAE13D83C41}.Release|Any CPU.Build.0 = Release|Any CPU
	EndGlobalSection
	GlobalSection(SolutionProperties) = preSolution
		HideSolutionNode = FALSE
	EndGlobalSection
	GlobalSection(NestedProjects) = preSolution
		{F8215DA2-9D8D-4FAC-A2E1-B0493853629C} = {9A6F98E6-08EE-4480-85F9-CD90EE5E396F}
		{AB54343B-E88C-4415-A640-7369D65FE9DF} = {F8215DA2-9D8D-4FAC-A2E1-B0493853629C}
		{246C5558-AFFF-4692-B73F-2315502DD6F7} = {9A6F98E6-08EE-4480-85F9-CD90EE5E396F}
		{A202D2C1-E406-448D-A4FC-5B62818469F5} = {246C5558-AFFF-4692-B73F-2315502DD6F7}
		{27AA0A54-CC9C-41C8-B215-B835062A6240} = {9A6F98E6-08EE-4480-85F9-CD90EE5E396F}
		{4AD6D7DC-CE20-4E67-B2BA-0F159D4DCB45} = {27AA0A54-CC9C-41C8-B215-B835062A6240}
		{2422BF58-296F-4D34-9852-34FB1B3B9DD6} = {9A6F98E6-08EE-4480-85F9-CD90EE5E396F}
		{3C2AFED2-AC49-4469-9D0A-33129C48944E} = {2422BF58-296F-4D34-9852-34FB1B3B9DD6}
		{B97F3617-C4C9-49C3-9DB7-36F527C2C44C} = {9A6F98E6-08EE-4480-85F9-CD90EE5E396F}
		{595D7B10-E362-4B99-971B-6D813B80EADE} = {B97F3617-C4C9-49C3-9DB7-36F527C2C44C}
		{CDCD16A1-6EB2-4978-8CC8-6A10799506B8} = {27AA0A54-CC9C-41C8-B215-B835062A6240}
		{641ACA68-2EBE-48A9-938E-ACAE13D83C41} = {CDCD16A1-6EB2-4978-8CC8-6A10799506B8}
	EndGlobalSection
	GlobalSection(ExtensibilityGlobals) = postSolution
		SolutionGuid = {3EF605D9-EA07-4BD5-8095-E336A217837D}
	EndGlobalSection
EndGlobal
