
Microsoft Visual Studio Solution File, Format Version 12.00
# Visual Studio Version 17
VisualStudioVersion = 17.5.002.0
MinimumVisualStudioVersion = 10.0.40219.1
Project("{2150E333-8FDC-42A3-9474-1A3956D46DE8}") = "Labfiles", "Labfiles", "{377BD878-4E68-4308-9CD7-39F5474E55E2}"
EndProject
Project("{2150E333-8FDC-42A3-9474-1A3956D46DE8}") = "02-azure-openai-api", "02-azure-openai-api", "{942C464E-04FA-4C39-BBEF-1026A5A7BAF3}"
EndProject
Project("{9A19103F-16F7-4668-BE54-9A1E7A4F7556}") = "CSharp", "Labfiles\02-azure-openai-api\CSharp\CSharp.csproj", "{5C8CC081-E0AB-46C3-895F-5FFA42D0711D}"
EndProject
Project("{2150E333-8FDC-42A3-9474-1A3956D46DE8}") = "03-prompt-engineering", "03-prompt-engineering", "{9C5711E9-BA79-4C12-96B6-5B6A13D99303}"
EndProject
Project("{9A19103F-16F7-4668-BE54-9A1E7A4F7556}") = "CSharp", "Labfiles\03-prompt-engineering\CSharp\CSharp.csproj", "{41762BDD-C085-4CB6-A043-189D2CEB3254}"
EndProject
Project("{2150E333-8FDC-42A3-9474-1A3956D46DE8}") = "04-code-generation", "04-code-generation", "{100FBAE2-B31D-49AD-A93B-0C3FC00E8514}"
EndProject
Project("{9A19103F-16F7-4668-BE54-9A1E7A4F7556}") = "CSharp", "Labfiles\04-code-generation\CSharp\CSharp.csproj", "{8083E3EA-57BD-4AFF-9C3C-44A265BBB954}"
EndProject
Project("{2150E333-8FDC-42A3-9474-1A3956D46DE8}") = "05-image-generation", "05-image-generation", "{3291EE9F-7599-4F47-81A9-D7BD510A788A}"
EndProject
Project("{9A19103F-16F7-4668-BE54-9A1E7A4F7556}") = "generate_image", "Labfiles\05-image-generation\CSharp\generate_image.csproj", "{C0B154F7-824A-4E89-87B3-97BD14817892}"
EndProject
Project("{2150E333-8FDC-42A3-9474-1A3956D46DE8}") = "06-use-own-data", "06-use-own-data", "{AB636B2A-A2E7-41C4-AD19-438FDF7D4E98}"
EndProject
Project("{9A19103F-16F7-4668-BE54-9A1E7A4F7556}") = "CSharp", "Labfiles\06-use-own-data\CSharp\CSharp.csproj", "{596C60EA-36A8-4B08-A73F-E465F29305FA}"
EndProject
Project("{2150E333-8FDC-42A3-9474-1A3956D46DE8}") = "sample-code", "sample-code", "{870B84C2-CFA1-45CD-B0ED-DEDCE967C074}"
EndProject
Project("{9A19103F-16F7-4668-BE54-9A1E7A4F7556}") = "CSharp", "Labfiles\04-code-generation\sample-code\go-fish\CSharp.csproj", "{86DA2963-4BDA-470C-8B1D-8DA296F74C52}"
EndProject
Global
	GlobalSection(SolutionConfigurationPlatforms) = preSolution
		Debug|Any CPU = Debug|Any CPU
		Release|Any CPU = Release|Any CPU
	EndGlobalSection
	GlobalSection(ProjectConfigurationPlatforms) = postSolution
		{5C8CC081-E0AB-46C3-895F-5FFA42D0711D}.Debug|Any CPU.ActiveCfg = Debug|Any CPU
		{5C8CC081-E0AB-46C3-895F-5FFA42D0711D}.Debug|Any CPU.Build.0 = Debug|Any CPU
		{5C8CC081-E0AB-46C3-895F-5FFA42D0711D}.Release|Any CPU.ActiveCfg = Release|Any CPU
		{5C8CC081-E0AB-46C3-895F-5FFA42D0711D}.Release|Any CPU.Build.0 = Release|Any CPU
		{41762BDD-C085-4CB6-A043-189D2CEB3254}.Debug|Any CPU.ActiveCfg = Debug|Any CPU
		{41762BDD-C085-4CB6-A043-189D2CEB3254}.Debug|Any CPU.Build.0 = Debug|Any CPU
		{41762BDD-C085-4CB6-A043-189D2CEB3254}.Release|Any CPU.ActiveCfg = Release|Any CPU
		{41762BDD-C085-4CB6-A043-189D2CEB3254}.Release|Any CPU.Build.0 = Release|Any CPU
		{8083E3EA-57BD-4AFF-9C3C-44A265BBB954}.Debug|Any CPU.ActiveCfg = Debug|Any CPU
		{8083E3EA-57BD-4AFF-9C3C-44A265BBB954}.Debug|Any CPU.Build.0 = Debug|Any CPU
		{8083E3EA-57BD-4AFF-9C3C-44A265BBB954}.Release|Any CPU.ActiveCfg = Release|Any CPU
		{8083E3EA-57BD-4AFF-9C3C-44A265BBB954}.Release|Any CPU.Build.0 = Release|Any CPU
		{C0B154F7-824A-4E89-87B3-97BD14817892}.Debug|Any CPU.ActiveCfg = Debug|Any CPU
		{C0B154F7-824A-4E89-87B3-97BD14817892}.Debug|Any CPU.Build.0 = Debug|Any CPU
		{C0B154F7-824A-4E89-87B3-97BD14817892}.Release|Any CPU.ActiveCfg = Release|Any CPU
		{C0B154F7-824A-4E89-87B3-97BD14817892}.Release|Any CPU.Build.0 = Release|Any CPU
		{596C60EA-36A8-4B08-A73F-E465F29305FA}.Debug|Any CPU.ActiveCfg = Debug|Any CPU
		{596C60EA-36A8-4B08-A73F-E465F29305FA}.Debug|Any CPU.Build.0 = Debug|Any CPU
		{596C60EA-36A8-4B08-A73F-E465F29305FA}.Release|Any CPU.ActiveCfg = Release|Any CPU
		{596C60EA-36A8-4B08-A73F-E465F29305FA}.Release|Any CPU.Build.0 = Release|Any CPU
		{86DA2963-4BDA-470C-8B1D-8DA296F74C52}.Debug|Any CPU.ActiveCfg = Debug|Any CPU
		{86DA2963-4BDA-470C-8B1D-8DA296F74C52}.Debug|Any CPU.Build.0 = Debug|Any CPU
		{86DA2963-4BDA-470C-8B1D-8DA296F74C52}.Release|Any CPU.ActiveCfg = Release|Any CPU
		{86DA2963-4BDA-470C-8B1D-8DA296F74C52}.Release|Any CPU.Build.0 = Release|Any CPU
	EndGlobalSection
	GlobalSection(SolutionProperties) = preSolution
		HideSolutionNode = FALSE
	EndGlobalSection
	GlobalSection(NestedProjects) = preSolution
		{942C464E-04FA-4C39-BBEF-1026A5A7BAF3} = {377BD878-4E68-4308-9CD7-39F5474E55E2}
		{5C8CC081-E0AB-46C3-895F-5FFA42D0711D} = {942C464E-04FA-4C39-BBEF-1026A5A7BAF3}
		{9C5711E9-BA79-4C12-96B6-5B6A13D99303} = {377BD878-4E68-4308-9CD7-39F5474E55E2}
		{41762BDD-C085-4CB6-A043-189D2CEB3254} = {9C5711E9-BA79-4C12-96B6-5B6A13D99303}
		{100FBAE2-B31D-49AD-A93B-0C3FC00E8514} = {377BD878-4E68-4308-9CD7-39F5474E55E2}
		{8083E3EA-57BD-4AFF-9C3C-44A265BBB954} = {100FBAE2-B31D-49AD-A93B-0C3FC00E8514}
		{3291EE9F-7599-4F47-81A9-D7BD510A788A} = {377BD878-4E68-4308-9CD7-39F5474E55E2}
		{C0B154F7-824A-4E89-87B3-97BD14817892} = {3291EE9F-7599-4F47-81A9-D7BD510A788A}
		{AB636B2A-A2E7-41C4-AD19-438FDF7D4E98} = {377BD878-4E68-4308-9CD7-39F5474E55E2}
		{596C60EA-36A8-4B08-A73F-E465F29305FA} = {AB636B2A-A2E7-41C4-AD19-438FDF7D4E98}
		{870B84C2-CFA1-45CD-B0ED-DEDCE967C074} = {100FBAE2-B31D-49AD-A93B-0C3FC00E8514}
		{86DA2963-4BDA-470C-8B1D-8DA296F74C52} = {870B84C2-CFA1-45CD-B0ED-DEDCE967C074}
	EndGlobalSection
	GlobalSection(ExtensibilityGlobals) = postSolution
		SolutionGuid = {C5E028DA-F4DB-4BAD-9DB3-BC8B384E25C4}
	EndGlobalSection
EndGlobal
